<Solution>
  <Folder Name="/src/" />
  <Folder Name="/src/DataFetcher/">
    <Project Path="src/DataFetcher/DebugSense.DataFetcher.csproj" />
  </Folder>
  <Folder Name="/src/Embedding/">
    <Project Path="src/Embedding/DebugSense.Embedding.csproj" />
  </Folder>
  <Folder Name="/src/Parsers/">
    <Project Path="src/Parsers/DebugSense.Parsers.csproj" />
  </Folder>
</Solution>
